# This file was autogenerated by Stack.
# You should not edit this file by hand.
# For more information, please see the documentation at:
#   https://docs.haskellstack.org/en/stable/lock_files

packages:
- completed:
    hackage: openapi3-3.0.2.0@sha256:046c7af7c2157308fc364189923de63ba793d502ef9ede01da41b49f7a649563,4788
    pantry-tree:
      size: 2191
      sha256: 82857392fd481810936a31671aafbefc433833fed7e3e4bee43c026cefe90182
  original:
    hackage: openapi3-3.0.2.0@sha256:046c7af7c2157308fc364189923de63ba793d502ef9ede01da41b49f7a649563,4788
snapshots:
- completed:
    size: 534126
    url: https://raw.githubusercontent.com/commercialhaskell/stackage-snapshots/master/lts/16/31.yaml
    sha256: 637fb77049b25560622a224845b7acfe81a09fdb6a96a3c75997a10b651667f6
  original: lts-16.31
