# This file was autogenerated by Stack.
# You should not edit this file by hand.
# For more information, please see the documentation at:
#   https://docs.haskellstack.org/en/stable/lock_files

packages:
- completed:
    hackage: openapi3-3.1.0@sha256:dd666c03bda1aeb1c50724385d0c79dd2c50b827413552fd522f7314e7081bc4,4652
    pantry-tree:
      size: 2191
      sha256: d1db2e3bbf8672ac494fb099dcd36721d8afd1ff7e07d020001c8c19c3245702
  original:
    hackage: openapi3-3.1.0@sha256:dd666c03bda1aeb1c50724385d0c79dd2c50b827413552fd522f7314e7081bc4,4652
snapshots:
- completed:
    size: 534126
    url: https://raw.githubusercontent.com/commercialhaskell/stackage-snapshots/master/lts/16/31.yaml
    sha256: 637fb77049b25560622a224845b7acfe81a09fdb6a96a3c75997a10b651667f6
  original: lts-16.31
